
Microsoft Visual Studio Solution File, Format Version 12.00
# Visual Studio Version 17
VisualStudioVersion = 17.11.35327.3
MinimumVisualStudioVersion = 10.0.40219.1
Project("{FAE04EC0-301F-11D3-BF4B-00C04F79EFBC}") = "Activity 2", "Activity 2.csproj", "{7B367C1F-53C4-40DD-84C9-17A24BBC996A}"
EndProject
Global
	GlobalSection(SolutionConfigurationPlatforms) = preSolution
		Debug|Any CPU = Debug|Any CPU
		Release|Any CPU = Release|Any CPU
	EndGlobalSection
	GlobalSection(ProjectConfigurationPlatforms) = postSolution
		{7B367C1F-53C4-40DD-84C9-17A24BBC996A}.Debug|Any CPU.ActiveCfg = Debug|Any CPU
		{7B367C1F-53C4-40DD-84C9-17A24BBC996A}.Debug|Any CPU.Build.0 = Debug|Any CPU
		{7B367C1F-53C4-40DD-84C9-17A24BBC996A}.Release|Any CPU.ActiveCfg = Release|Any CPU
		{7B367C1F-53C4-40DD-84C9-17A24BBC996A}.Release|Any CPU.Build.0 = Release|Any CPU
	EndGlobalSection
	GlobalSection(SolutionProperties) = preSolution
		HideSolutionNode = FALSE
	EndGlobalSection
	GlobalSection(ExtensibilityGlobals) = postSolution
		SolutionGuid = {B700A093-1819-40DF-AF14-C66C37B2393E}
	EndGlobalSection
EndGlobal
