
Microsoft Visual Studio Solution File, Format Version 12.00
# Visual Studio Version 17
VisualStudioVersion = 17.2.32505.173
MinimumVisualStudioVersion = 10.0.40219.1
Project("{FAE04EC0-301F-11D3-BF4B-00C04F79EFBC}") = "LabNo8_Activity1", "LabNo8_Activity1\LabNo8_Activity1.csproj", "{1F4F8B08-C4C0-4AA6-A38C-4E07693312F8}"
EndProject
Global
	GlobalSection(SolutionConfigurationPlatforms) = preSolution
		Debug|Any CPU = Debug|Any CPU
		Release|Any CPU = Release|Any CPU
	EndGlobalSection
	GlobalSection(ProjectConfigurationPlatforms) = postSolution
		{1F4F8B08-C4C0-4AA6-A38C-4E07693312F8}.Debug|Any CPU.ActiveCfg = Debug|Any CPU
		{1F4F8B08-C4C0-4AA6-A38C-4E07693312F8}.Debug|Any CPU.Build.0 = Debug|Any CPU
		{1F4F8B08-C4C0-4AA6-A38C-4E07693312F8}.Release|Any CPU.ActiveCfg = Release|Any CPU
		{1F4F8B08-C4C0-4AA6-A38C-4E07693312F8}.Release|Any CPU.Build.0 = Release|Any CPU
	EndGlobalSection
	GlobalSection(SolutionProperties) = preSolution
		HideSolutionNode = FALSE
	EndGlobalSection
	GlobalSection(ExtensibilityGlobals) = postSolution
		SolutionGuid = {05DAE477-5611-4856-91D2-2F69F104356A}
	EndGlobalSection
EndGlobal
